
Microsoft Visual Studio Solution File, Format Version 12.00
# Visual Studio Version 16
VisualStudioVersion = 16.0.29025.244
MinimumVisualStudioVersion = 10.0.40219.1
Project("{2150E333-8FDC-42A3-9474-1A3956D46DE8}") = "Source", "Source", "{06F7B432-2A46-43DC-B6ED-8C40B772E995}"
EndProject
Project("{2150E333-8FDC-42A3-9474-1A3956D46DE8}") = "Core", "Core", "{772F2003-3E2A-4D82-BCD1-D4F3FAEF4B4F}"
EndProject
Project("{2150E333-8FDC-42A3-9474-1A3956D46DE8}") = "Presentation", "Presentation", "{DAA38FFC-572C-4548-86BF-52ED14782186}"
EndProject
Project("{2150E333-8FDC-42A3-9474-1A3956D46DE8}") = "Common", "Common", "{04F59F74-29CC-4E06-AC47-B8873FA22CC8}"
EndProject
Project("{2150E333-8FDC-42A3-9474-1A3956D46DE8}") = "Persistance", "Persistance", "{EA808AAD-27BC-4720-9BE9-2F6E7D1981F4}"
EndProject
Project("{2150E333-8FDC-42A3-9474-1A3956D46DE8}") = "Services", "Services", "{7722B9C8-10A4-4C08-890F-884DC8FCC36C}"
EndProject
Project("{9A19103F-16F7-4668-BE54-9A1E7A4F7556}") = "Backend.Common", "Common\Backend.Common\Backend.Common.csproj", "{E03FF1BE-7DDC-4E93-A4CB-16769B6D8120}"
EndProject
Project("{9A19103F-16F7-4668-BE54-9A1E7A4F7556}") = "Backend.Application.Business", "Core\Backend.Application.Business\Backend.Application.Business.csproj", "{B2F3047F-C7D0-4EEA-A8CC-3E65C6FA1E6A}"
EndProject
Project("{9A19103F-16F7-4668-BE54-9A1E7A4F7556}") = "Backend.Domain", "Core\Backend.Domain\Backend.Domain.csproj", "{0E4FA6CC-DB0F-446C-A347-9A0E5E9E0DCE}"
EndProject
Project("{9A19103F-16F7-4668-BE54-9A1E7A4F7556}") = "Backend.Service.Authorization", "Core\Services\Backend.Service.Authorization\Backend.Service.Authorization.csproj", "{B9FDEFF8-242B-4ACD-886D-4C78B3FDA4D0}"
EndProject
Project("{9A19103F-16F7-4668-BE54-9A1E7A4F7556}") = "Backend.Service.Email", "Core\Services\Backend.Service.Email\Backend.Service.Email.csproj", "{7498B832-F0C5-449E-8760-300FF887929D}"
EndProject
Project("{9A19103F-16F7-4668-BE54-9A1E7A4F7556}") = "Backend.Service.Payment", "Core\Services\Backend.Service.Payment\Backend.Service.Payment.csproj", "{2FC50038-19F8-48E9-B68F-5D49C0B2E0A0}"
EndProject
Project("{9A19103F-16F7-4668-BE54-9A1E7A4F7556}") = "Backend.Persistance", "Persistance\Backend.Persistance\Backend.Persistance.csproj", "{67A8EB23-A89A-4CD4-86B3-71DB67023929}"
EndProject
Project("{9A19103F-16F7-4668-BE54-9A1E7A4F7556}") = "Backend.API", "API\Backend.API\Backend.API.csproj", "{E7C49F44-2DC5-4BB8-B3DE-CF91596E7DF8}"
EndProject
Project("{9A19103F-16F7-4668-BE54-9A1E7A4F7556}") = "Backend.Service.PushNotifications", "Core\Services\Backend.Service.PushNotifications\Backend.Service.PushNotifications.csproj", "{4DC63014-4521-414E-804F-6356533541EE}"
EndProject
Project("{9A19103F-16F7-4668-BE54-9A1E7A4F7556}") = "Backend.Service.Chat", "Core\Services\Backend.Service.Chat\Backend.Service.Chat.csproj", "{3043F469-AAEF-43C1-B363-DEF74FE9BD55}"
EndProject
Project("{9A19103F-16F7-4668-BE54-9A1E7A4F7556}") = "Backend.Service.AmazonS3", "Core\Services\Backend.Service.AmazonS3\Backend.Service.AmazonS3.csproj", "{EFD8BFEC-BACF-451B-AFFF-8CB6ABFB5364}"
EndProject
Project("{9A19103F-16F7-4668-BE54-9A1E7A4F7556}") = "Backend.Service.Infrastructure", "Core\Services\Backend.Service.Infrastructure\Backend.Service.Infrastructure.csproj", "{387B8450-77F0-434D-B90D-113477715553}"
EndProject
Project("{2150E333-8FDC-42A3-9474-1A3956D46DE8}") = "Solution Items", "Solution Items", "{54BC2835-0638-4EC2-A88E-C0E7A0DA8604}"
	ProjectSection(SolutionItems) = preProject
		BUGS.txt = BUGS.txt
		TECH DEBT.txt = TECH DEBT.txt
		TODO.txt = TODO.txt
	EndProjectSection
EndProject
Project("{9A19103F-16F7-4668-BE54-9A1E7A4F7556}") = "Backend.Service.Import", "Core\Services\Backend.Service.Import\Backend.Service.Import.csproj", "{D7042399-7D35-4E89-8719-5458CD6B3746}"
EndProject
Project("{FAE04EC0-301F-11D3-BF4B-00C04F79EFBC}") = "Backend.Service.Excel", "Core\Services\Backend.Service.Excel\Backend.Service.Excel.csproj", "{61D9CDED-6910-48FD-8A1A-1702F80E5D77}"
EndProject
Global
	GlobalSection(SolutionConfigurationPlatforms) = preSolution
		Debug|Any CPU = Debug|Any CPU
		Release|Any CPU = Release|Any CPU
	EndGlobalSection
	GlobalSection(ProjectConfigurationPlatforms) = postSolution
		{E03FF1BE-7DDC-4E93-A4CB-16769B6D8120}.Debug|Any CPU.ActiveCfg = Debug|Any CPU
		{E03FF1BE-7DDC-4E93-A4CB-16769B6D8120}.Debug|Any CPU.Build.0 = Debug|Any CPU
		{E03FF1BE-7DDC-4E93-A4CB-16769B6D8120}.Release|Any CPU.ActiveCfg = Release|Any CPU
		{E03FF1BE-7DDC-4E93-A4CB-16769B6D8120}.Release|Any CPU.Build.0 = Release|Any CPU
		{B2F3047F-C7D0-4EEA-A8CC-3E65C6FA1E6A}.Debug|Any CPU.ActiveCfg = Debug|Any CPU
		{B2F3047F-C7D0-4EEA-A8CC-3E65C6FA1E6A}.Debug|Any CPU.Build.0 = Debug|Any CPU
		{B2F3047F-C7D0-4EEA-A8CC-3E65C6FA1E6A}.Release|Any CPU.ActiveCfg = Release|Any CPU
		{B2F3047F-C7D0-4EEA-A8CC-3E65C6FA1E6A}.Release|Any CPU.Build.0 = Release|Any CPU
		{0E4FA6CC-DB0F-446C-A347-9A0E5E9E0DCE}.Debug|Any CPU.ActiveCfg = Debug|Any CPU
		{0E4FA6CC-DB0F-446C-A347-9A0E5E9E0DCE}.Debug|Any CPU.Build.0 = Debug|Any CPU
		{0E4FA6CC-DB0F-446C-A347-9A0E5E9E0DCE}.Release|Any CPU.ActiveCfg = Release|Any CPU
		{0E4FA6CC-DB0F-446C-A347-9A0E5E9E0DCE}.Release|Any CPU.Build.0 = Release|Any CPU
		{B9FDEFF8-242B-4ACD-886D-4C78B3FDA4D0}.Debug|Any CPU.ActiveCfg = Debug|Any CPU
		{B9FDEFF8-242B-4ACD-886D-4C78B3FDA4D0}.Debug|Any CPU.Build.0 = Debug|Any CPU
		{B9FDEFF8-242B-4ACD-886D-4C78B3FDA4D0}.Release|Any CPU.ActiveCfg = Release|Any CPU
		{B9FDEFF8-242B-4ACD-886D-4C78B3FDA4D0}.Release|Any CPU.Build.0 = Release|Any CPU
		{7498B832-F0C5-449E-8760-300FF887929D}.Debug|Any CPU.ActiveCfg = Debug|Any CPU
		{7498B832-F0C5-449E-8760-300FF887929D}.Debug|Any CPU.Build.0 = Debug|Any CPU
		{7498B832-F0C5-449E-8760-300FF887929D}.Release|Any CPU.ActiveCfg = Release|Any CPU
		{7498B832-F0C5-449E-8760-300FF887929D}.Release|Any CPU.Build.0 = Release|Any CPU
		{2FC50038-19F8-48E9-B68F-5D49C0B2E0A0}.Debug|Any CPU.ActiveCfg = Debug|Any CPU
		{2FC50038-19F8-48E9-B68F-5D49C0B2E0A0}.Debug|Any CPU.Build.0 = Debug|Any CPU
		{2FC50038-19F8-48E9-B68F-5D49C0B2E0A0}.Release|Any CPU.ActiveCfg = Release|Any CPU
		{2FC50038-19F8-48E9-B68F-5D49C0B2E0A0}.Release|Any CPU.Build.0 = Release|Any CPU
		{67A8EB23-A89A-4CD4-86B3-71DB67023929}.Debug|Any CPU.ActiveCfg = Debug|Any CPU
		{67A8EB23-A89A-4CD4-86B3-71DB67023929}.Debug|Any CPU.Build.0 = Debug|Any CPU
		{67A8EB23-A89A-4CD4-86B3-71DB67023929}.Release|Any CPU.ActiveCfg = Release|Any CPU
		{67A8EB23-A89A-4CD4-86B3-71DB67023929}.Release|Any CPU.Build.0 = Release|Any CPU
		{E7C49F44-2DC5-4BB8-B3DE-CF91596E7DF8}.Debug|Any CPU.ActiveCfg = Debug|Any CPU
		{E7C49F44-2DC5-4BB8-B3DE-CF91596E7DF8}.Debug|Any CPU.Build.0 = Debug|Any CPU
		{E7C49F44-2DC5-4BB8-B3DE-CF91596E7DF8}.Release|Any CPU.ActiveCfg = Release|Any CPU
		{E7C49F44-2DC5-4BB8-B3DE-CF91596E7DF8}.Release|Any CPU.Build.0 = Release|Any CPU
		{4DC63014-4521-414E-804F-6356533541EE}.Debug|Any CPU.ActiveCfg = Debug|Any CPU
		{4DC63014-4521-414E-804F-6356533541EE}.Debug|Any CPU.Build.0 = Debug|Any CPU
		{4DC63014-4521-414E-804F-6356533541EE}.Release|Any CPU.ActiveCfg = Release|Any CPU
		{4DC63014-4521-414E-804F-6356533541EE}.Release|Any CPU.Build.0 = Release|Any CPU
		{3043F469-AAEF-43C1-B363-DEF74FE9BD55}.Debug|Any CPU.ActiveCfg = Debug|Any CPU
		{3043F469-AAEF-43C1-B363-DEF74FE9BD55}.Debug|Any CPU.Build.0 = Debug|Any CPU
		{3043F469-AAEF-43C1-B363-DEF74FE9BD55}.Release|Any CPU.ActiveCfg = Release|Any CPU
		{3043F469-AAEF-43C1-B363-DEF74FE9BD55}.Release|Any CPU.Build.0 = Release|Any CPU
		{EFD8BFEC-BACF-451B-AFFF-8CB6ABFB5364}.Debug|Any CPU.ActiveCfg = Debug|Any CPU
		{EFD8BFEC-BACF-451B-AFFF-8CB6ABFB5364}.Debug|Any CPU.Build.0 = Debug|Any CPU
		{EFD8BFEC-BACF-451B-AFFF-8CB6ABFB5364}.Release|Any CPU.ActiveCfg = Release|Any CPU
		{EFD8BFEC-BACF-451B-AFFF-8CB6ABFB5364}.Release|Any CPU.Build.0 = Release|Any CPU
		{387B8450-77F0-434D-B90D-113477715553}.Debug|Any CPU.ActiveCfg = Debug|Any CPU
		{387B8450-77F0-434D-B90D-113477715553}.Debug|Any CPU.Build.0 = Debug|Any CPU
		{387B8450-77F0-434D-B90D-113477715553}.Release|Any CPU.ActiveCfg = Release|Any CPU
		{387B8450-77F0-434D-B90D-113477715553}.Release|Any CPU.Build.0 = Release|Any CPU
		{D7042399-7D35-4E89-8719-5458CD6B3746}.Debug|Any CPU.ActiveCfg = Debug|Any CPU
		{D7042399-7D35-4E89-8719-5458CD6B3746}.Debug|Any CPU.Build.0 = Debug|Any CPU
		{D7042399-7D35-4E89-8719-5458CD6B3746}.Release|Any CPU.ActiveCfg = Release|Any CPU
		{D7042399-7D35-4E89-8719-5458CD6B3746}.Release|Any CPU.Build.0 = Release|Any CPU
		{61D9CDED-6910-48FD-8A1A-1702F80E5D77}.Debug|Any CPU.ActiveCfg = Debug|Any CPU
		{61D9CDED-6910-48FD-8A1A-1702F80E5D77}.Debug|Any CPU.Build.0 = Debug|Any CPU
		{61D9CDED-6910-48FD-8A1A-1702F80E5D77}.Release|Any CPU.ActiveCfg = Release|Any CPU
		{61D9CDED-6910-48FD-8A1A-1702F80E5D77}.Release|Any CPU.Build.0 = Release|Any CPU
	EndGlobalSection
	GlobalSection(SolutionProperties) = preSolution
		HideSolutionNode = FALSE
	EndGlobalSection
	GlobalSection(NestedProjects) = preSolution
		{772F2003-3E2A-4D82-BCD1-D4F3FAEF4B4F} = {06F7B432-2A46-43DC-B6ED-8C40B772E995}
		{DAA38FFC-572C-4548-86BF-52ED14782186} = {06F7B432-2A46-43DC-B6ED-8C40B772E995}
		{04F59F74-29CC-4E06-AC47-B8873FA22CC8} = {06F7B432-2A46-43DC-B6ED-8C40B772E995}
		{EA808AAD-27BC-4720-9BE9-2F6E7D1981F4} = {06F7B432-2A46-43DC-B6ED-8C40B772E995}
		{7722B9C8-10A4-4C08-890F-884DC8FCC36C} = {772F2003-3E2A-4D82-BCD1-D4F3FAEF4B4F}
		{E03FF1BE-7DDC-4E93-A4CB-16769B6D8120} = {04F59F74-29CC-4E06-AC47-B8873FA22CC8}
		{B2F3047F-C7D0-4EEA-A8CC-3E65C6FA1E6A} = {772F2003-3E2A-4D82-BCD1-D4F3FAEF4B4F}
		{0E4FA6CC-DB0F-446C-A347-9A0E5E9E0DCE} = {772F2003-3E2A-4D82-BCD1-D4F3FAEF4B4F}
		{B9FDEFF8-242B-4ACD-886D-4C78B3FDA4D0} = {7722B9C8-10A4-4C08-890F-884DC8FCC36C}
		{7498B832-F0C5-449E-8760-300FF887929D} = {7722B9C8-10A4-4C08-890F-884DC8FCC36C}
		{2FC50038-19F8-48E9-B68F-5D49C0B2E0A0} = {7722B9C8-10A4-4C08-890F-884DC8FCC36C}
		{67A8EB23-A89A-4CD4-86B3-71DB67023929} = {EA808AAD-27BC-4720-9BE9-2F6E7D1981F4}
		{E7C49F44-2DC5-4BB8-B3DE-CF91596E7DF8} = {DAA38FFC-572C-4548-86BF-52ED14782186}
		{4DC63014-4521-414E-804F-6356533541EE} = {7722B9C8-10A4-4C08-890F-884DC8FCC36C}
		{3043F469-AAEF-43C1-B363-DEF74FE9BD55} = {7722B9C8-10A4-4C08-890F-884DC8FCC36C}
		{EFD8BFEC-BACF-451B-AFFF-8CB6ABFB5364} = {7722B9C8-10A4-4C08-890F-884DC8FCC36C}
		{387B8450-77F0-434D-B90D-113477715553} = {7722B9C8-10A4-4C08-890F-884DC8FCC36C}
		{D7042399-7D35-4E89-8719-5458CD6B3746} = {7722B9C8-10A4-4C08-890F-884DC8FCC36C}
		{61D9CDED-6910-48FD-8A1A-1702F80E5D77} = {7722B9C8-10A4-4C08-890F-884DC8FCC36C}
	EndGlobalSection
	GlobalSection(ExtensibilityGlobals) = postSolution
		SolutionGuid = {7DD0AB68-A97C-455D-82B6-014536CC5B59}
	EndGlobalSection
EndGlobal
