
Microsoft Visual Studio Solution File, Format Version 12.00
# Visual Studio Version 16
VisualStudioVersion = 16.0.29025.244
MinimumVisualStudioVersion = 10.0.40219.1
Project("{2150E333-8FDC-42A3-9474-1A3956D46DE8}") = "Source", "Source", "{06F7B432-2A46-43DC-B6ED-8C40B772E995}"
EndProject
Project("{2150E333-8FDC-42A3-9474-1A3956D46DE8}") = "Core", "Core", "{772F2003-3E2A-4D82-BCD1-D4F3FAEF4B4F}"
EndProject
Project("{2150E333-8FDC-42A3-9474-1A3956D46DE8}") = "Presentation", "Presentation", "{DAA38FFC-572C-4548-86BF-52ED14782186}"
EndProject
Project("{2150E333-8FDC-42A3-9474-1A3956D46DE8}") = "Common", "Common", "{04F59F74-29CC-4E06-AC47-B8873FA22CC8}"
EndProject
Project("{2150E333-8FDC-42A3-9474-1A3956D46DE8}") = "Persistance", "Persistance", "{EA808AAD-27BC-4720-9BE9-2F6E7D1981F4}"
EndProject
Project("{2150E333-8FDC-42A3-9474-1A3956D46DE8}") = "SharedServices", "SharedServices", "{7722B9C8-10A4-4C08-890F-884DC8FCC36C}"
EndProject
Project("{9A19103F-16F7-4668-BE54-9A1E7A4F7556}") = "Backend.Common", "Common\Backend.Common\Backend.Common.csproj", "{E03FF1BE-7DDC-4E93-A4CB-16769B6D8120}"
EndProject
Project("{9A19103F-16F7-4668-BE54-9A1E7A4F7556}") = "Backend.Domain", "Core\Backend.Domain\Backend.Domain.csproj", "{0E4FA6CC-DB0F-446C-A347-9A0E5E9E0DCE}"
EndProject
Project("{9A19103F-16F7-4668-BE54-9A1E7A4F7556}") = "Backend.Service.Email", "Core\Services\Backend.Service.Email\Backend.Service.Email.csproj", "{7498B832-F0C5-449E-8760-300FF887929D}"
EndProject
Project("{9A19103F-16F7-4668-BE54-9A1E7A4F7556}") = "Backend.Service.Payment", "Core\Services\Backend.Service.Payment\Backend.Service.Payment.csproj", "{2FC50038-19F8-48E9-B68F-5D49C0B2E0A0}"
EndProject
Project("{9A19103F-16F7-4668-BE54-9A1E7A4F7556}") = "Backend.Persistance", "Persistance\Backend.Persistance\Backend.Persistance.csproj", "{67A8EB23-A89A-4CD4-86B3-71DB67023929}"
EndProject
Project("{9A19103F-16F7-4668-BE54-9A1E7A4F7556}") = "Backend.API", "API\Backend.API\Backend.API.csproj", "{E7C49F44-2DC5-4BB8-B3DE-CF91596E7DF8}"
EndProject
Project("{9A19103F-16F7-4668-BE54-9A1E7A4F7556}") = "Backend.Service.AmazonS3", "Core\Services\Backend.Service.AmazonS3\Backend.Service.AmazonS3.csproj", "{EFD8BFEC-BACF-451B-AFFF-8CB6ABFB5364}"
EndProject
Project("{9A19103F-16F7-4668-BE54-9A1E7A4F7556}") = "Backend.Service.Infrastructure", "Core\Services\Backend.Service.Infrastructure\Backend.Service.Infrastructure.csproj", "{387B8450-77F0-434D-B90D-113477715553}"
EndProject
Project("{2150E333-8FDC-42A3-9474-1A3956D46DE8}") = "Solution Items", "Solution Items", "{54BC2835-0638-4EC2-A88E-C0E7A0DA8604}"
	ProjectSection(SolutionItems) = preProject
		BUGS.txt = BUGS.txt
		TECH DEBT.txt = TECH DEBT.txt
		TODO.txt = TODO.txt
	EndProjectSection
EndProject
Project("{9A19103F-16F7-4668-BE54-9A1E7A4F7556}") = "Backend.Service.Excel", "Core\Services\Backend.Service.Excel\Backend.Service.Excel.csproj", "{61D9CDED-6910-48FD-8A1A-1702F80E5D77}"
EndProject
Project("{9A19103F-16F7-4668-BE54-9A1E7A4F7556}") = "Backend.Service.Logging", "Core\Services\Backend.Service.Logging\Backend.Service.Logging.csproj", "{DC432367-FEFD-43B2-841D-2EE3ABDFE90D}"
EndProject
Project("{2150E333-8FDC-42A3-9474-1A3956D46DE8}") = "Business", "Business", "{5A27F089-CD3E-4B48-99AB-056EA4A80F47}"
EndProject
Project("{9A19103F-16F7-4668-BE54-9A1E7A4F7556}") = "Backend.Business.TrainingLog", "Core\Business\Backend.Business.TrainingLog\Backend.Business.TrainingLog.csproj", "{9787EF92-0F90-4650-B2CB-8EE77E21A0A5}"
EndProject
Project("{9A19103F-16F7-4668-BE54-9A1E7A4F7556}") = "Backend.Business.Authorization", "Core\Business\Backend.Business.Authorization\Backend.Business.Authorization.csproj", "{001DAF18-EC23-4DC1-A7A8-EA039E38ABBC}"
EndProject
Project("{9A19103F-16F7-4668-BE54-9A1E7A4F7556}") = "Backend.Business-ExerciseType", "Core\Business\Backend.Business-ExerciseType\Backend.Business-ExerciseType.csproj", "{425E6FC0-BDB3-4C48-83C7-E085A4EF8D6E}"
EndProject
Project("{9A19103F-16F7-4668-BE54-9A1E7A4F7556}") = "Backend.Business.ProgressTracking", "Core\Business\Backend.Business.ProgressTracking\Backend.Business.ProgressTracking.csproj", "{0F3D51DE-4ECC-4366-83DE-F7C22A851525}"
EndProject
Project("{9A19103F-16F7-4668-BE54-9A1E7A4F7556}") = "Backend.Business.Metrics", "Core\Business\Backend.Business.Metrics\Backend.Business.Metrics.csproj", "{801E9694-5B4E-4CF5-8829-8BA0176B95B5}"
EndProject
Project("{9A19103F-16F7-4668-BE54-9A1E7A4F7556}") = "Backend.Business.Import", "Core\Business\Backend.Business.Import\Backend.Business.Import.csproj", "{5D0642CB-4BF9-43CC-96B6-6BC31D846F88}"
EndProject
Project("{9A19103F-16F7-4668-BE54-9A1E7A4F7556}") = "Backend.Business.Export", "Core\Business\Backend.Business.Export\Backend.Business.Export.csproj", "{EE09F372-2E76-4AD6-B864-9ACE91ED058B}"
EndProject
Project("{9A19103F-16F7-4668-BE54-9A1E7A4F7556}") = "Backend.Business.Notifications", "Core\Business\Backend.Business.Notifications\Backend.Business.Notifications.csproj", "{29255590-6309-4C23-BAED-DE3EF6B81388}"
EndProject
Project("{9A19103F-16F7-4668-BE54-9A1E7A4F7556}") = "Backend.Business.Chat", "Core\Business\Backend.Business.Chat\Backend.Business.Chat.csproj", "{6138130E-611D-4361-A04F-518C3AF93CA9}"
EndProject
Project("{9A19103F-16F7-4668-BE54-9A1E7A4F7556}") = "Backend.Business.Media", "Core\Business\Backend.Business.Media\Backend.Business.Media.csproj", "{49FA6B35-FFDE-422E-95EE-F94C87B16DCE}"
EndProject
Project("{9A19103F-16F7-4668-BE54-9A1E7A4F7556}") = "Backend.Business.Users", "Core\Business\Backend.Business.Users\Backend.Business.Users.csproj", "{17B2D941-2B50-43AB-97B0-E3206C3CE3A2}"
EndProject
Project("{9A19103F-16F7-4668-BE54-9A1E7A4F7556}") = "Backend.Business.Billing", "Core\Business\Backend.Business.Billing\Backend.Business.Billing.csproj", "{936564E1-9383-4D19-81B1-455D2ED6A592}"
EndProject
Global
	GlobalSection(SolutionConfigurationPlatforms) = preSolution
		Debug|Any CPU = Debug|Any CPU
		Release|Any CPU = Release|Any CPU
	EndGlobalSection
	GlobalSection(ProjectConfigurationPlatforms) = postSolution
		{E03FF1BE-7DDC-4E93-A4CB-16769B6D8120}.Debug|Any CPU.ActiveCfg = Debug|Any CPU
		{E03FF1BE-7DDC-4E93-A4CB-16769B6D8120}.Debug|Any CPU.Build.0 = Debug|Any CPU
		{E03FF1BE-7DDC-4E93-A4CB-16769B6D8120}.Release|Any CPU.ActiveCfg = Release|Any CPU
		{E03FF1BE-7DDC-4E93-A4CB-16769B6D8120}.Release|Any CPU.Build.0 = Release|Any CPU
		{0E4FA6CC-DB0F-446C-A347-9A0E5E9E0DCE}.Debug|Any CPU.ActiveCfg = Debug|Any CPU
		{0E4FA6CC-DB0F-446C-A347-9A0E5E9E0DCE}.Debug|Any CPU.Build.0 = Debug|Any CPU
		{0E4FA6CC-DB0F-446C-A347-9A0E5E9E0DCE}.Release|Any CPU.ActiveCfg = Release|Any CPU
		{0E4FA6CC-DB0F-446C-A347-9A0E5E9E0DCE}.Release|Any CPU.Build.0 = Release|Any CPU
		{7498B832-F0C5-449E-8760-300FF887929D}.Debug|Any CPU.ActiveCfg = Debug|Any CPU
		{7498B832-F0C5-449E-8760-300FF887929D}.Debug|Any CPU.Build.0 = Debug|Any CPU
		{7498B832-F0C5-449E-8760-300FF887929D}.Release|Any CPU.ActiveCfg = Release|Any CPU
		{7498B832-F0C5-449E-8760-300FF887929D}.Release|Any CPU.Build.0 = Release|Any CPU
		{2FC50038-19F8-48E9-B68F-5D49C0B2E0A0}.Debug|Any CPU.ActiveCfg = Debug|Any CPU
		{2FC50038-19F8-48E9-B68F-5D49C0B2E0A0}.Debug|Any CPU.Build.0 = Debug|Any CPU
		{2FC50038-19F8-48E9-B68F-5D49C0B2E0A0}.Release|Any CPU.ActiveCfg = Release|Any CPU
		{2FC50038-19F8-48E9-B68F-5D49C0B2E0A0}.Release|Any CPU.Build.0 = Release|Any CPU
		{67A8EB23-A89A-4CD4-86B3-71DB67023929}.Debug|Any CPU.ActiveCfg = Debug|Any CPU
		{67A8EB23-A89A-4CD4-86B3-71DB67023929}.Debug|Any CPU.Build.0 = Debug|Any CPU
		{67A8EB23-A89A-4CD4-86B3-71DB67023929}.Release|Any CPU.ActiveCfg = Release|Any CPU
		{67A8EB23-A89A-4CD4-86B3-71DB67023929}.Release|Any CPU.Build.0 = Release|Any CPU
		{E7C49F44-2DC5-4BB8-B3DE-CF91596E7DF8}.Debug|Any CPU.ActiveCfg = Debug|Any CPU
		{E7C49F44-2DC5-4BB8-B3DE-CF91596E7DF8}.Debug|Any CPU.Build.0 = Debug|Any CPU
		{E7C49F44-2DC5-4BB8-B3DE-CF91596E7DF8}.Release|Any CPU.ActiveCfg = Release|Any CPU
		{E7C49F44-2DC5-4BB8-B3DE-CF91596E7DF8}.Release|Any CPU.Build.0 = Release|Any CPU
		{EFD8BFEC-BACF-451B-AFFF-8CB6ABFB5364}.Debug|Any CPU.ActiveCfg = Debug|Any CPU
		{EFD8BFEC-BACF-451B-AFFF-8CB6ABFB5364}.Debug|Any CPU.Build.0 = Debug|Any CPU
		{EFD8BFEC-BACF-451B-AFFF-8CB6ABFB5364}.Release|Any CPU.ActiveCfg = Release|Any CPU
		{EFD8BFEC-BACF-451B-AFFF-8CB6ABFB5364}.Release|Any CPU.Build.0 = Release|Any CPU
		{387B8450-77F0-434D-B90D-113477715553}.Debug|Any CPU.ActiveCfg = Debug|Any CPU
		{387B8450-77F0-434D-B90D-113477715553}.Debug|Any CPU.Build.0 = Debug|Any CPU
		{387B8450-77F0-434D-B90D-113477715553}.Release|Any CPU.ActiveCfg = Release|Any CPU
		{387B8450-77F0-434D-B90D-113477715553}.Release|Any CPU.Build.0 = Release|Any CPU
		{61D9CDED-6910-48FD-8A1A-1702F80E5D77}.Debug|Any CPU.ActiveCfg = Debug|Any CPU
		{61D9CDED-6910-48FD-8A1A-1702F80E5D77}.Debug|Any CPU.Build.0 = Debug|Any CPU
		{61D9CDED-6910-48FD-8A1A-1702F80E5D77}.Release|Any CPU.ActiveCfg = Release|Any CPU
		{61D9CDED-6910-48FD-8A1A-1702F80E5D77}.Release|Any CPU.Build.0 = Release|Any CPU
		{DC432367-FEFD-43B2-841D-2EE3ABDFE90D}.Debug|Any CPU.ActiveCfg = Debug|Any CPU
		{DC432367-FEFD-43B2-841D-2EE3ABDFE90D}.Debug|Any CPU.Build.0 = Debug|Any CPU
		{DC432367-FEFD-43B2-841D-2EE3ABDFE90D}.Release|Any CPU.ActiveCfg = Release|Any CPU
		{DC432367-FEFD-43B2-841D-2EE3ABDFE90D}.Release|Any CPU.Build.0 = Release|Any CPU
		{9787EF92-0F90-4650-B2CB-8EE77E21A0A5}.Debug|Any CPU.ActiveCfg = Debug|Any CPU
		{9787EF92-0F90-4650-B2CB-8EE77E21A0A5}.Debug|Any CPU.Build.0 = Debug|Any CPU
		{9787EF92-0F90-4650-B2CB-8EE77E21A0A5}.Release|Any CPU.ActiveCfg = Release|Any CPU
		{9787EF92-0F90-4650-B2CB-8EE77E21A0A5}.Release|Any CPU.Build.0 = Release|Any CPU
		{001DAF18-EC23-4DC1-A7A8-EA039E38ABBC}.Debug|Any CPU.ActiveCfg = Debug|Any CPU
		{001DAF18-EC23-4DC1-A7A8-EA039E38ABBC}.Debug|Any CPU.Build.0 = Debug|Any CPU
		{001DAF18-EC23-4DC1-A7A8-EA039E38ABBC}.Release|Any CPU.ActiveCfg = Release|Any CPU
		{001DAF18-EC23-4DC1-A7A8-EA039E38ABBC}.Release|Any CPU.Build.0 = Release|Any CPU
		{425E6FC0-BDB3-4C48-83C7-E085A4EF8D6E}.Debug|Any CPU.ActiveCfg = Debug|Any CPU
		{425E6FC0-BDB3-4C48-83C7-E085A4EF8D6E}.Debug|Any CPU.Build.0 = Debug|Any CPU
		{425E6FC0-BDB3-4C48-83C7-E085A4EF8D6E}.Release|Any CPU.ActiveCfg = Release|Any CPU
		{425E6FC0-BDB3-4C48-83C7-E085A4EF8D6E}.Release|Any CPU.Build.0 = Release|Any CPU
		{0F3D51DE-4ECC-4366-83DE-F7C22A851525}.Debug|Any CPU.ActiveCfg = Debug|Any CPU
		{0F3D51DE-4ECC-4366-83DE-F7C22A851525}.Debug|Any CPU.Build.0 = Debug|Any CPU
		{0F3D51DE-4ECC-4366-83DE-F7C22A851525}.Release|Any CPU.ActiveCfg = Release|Any CPU
		{0F3D51DE-4ECC-4366-83DE-F7C22A851525}.Release|Any CPU.Build.0 = Release|Any CPU
		{801E9694-5B4E-4CF5-8829-8BA0176B95B5}.Debug|Any CPU.ActiveCfg = Debug|Any CPU
		{801E9694-5B4E-4CF5-8829-8BA0176B95B5}.Debug|Any CPU.Build.0 = Debug|Any CPU
		{801E9694-5B4E-4CF5-8829-8BA0176B95B5}.Release|Any CPU.ActiveCfg = Release|Any CPU
		{801E9694-5B4E-4CF5-8829-8BA0176B95B5}.Release|Any CPU.Build.0 = Release|Any CPU
		{5D0642CB-4BF9-43CC-96B6-6BC31D846F88}.Debug|Any CPU.ActiveCfg = Debug|Any CPU
		{5D0642CB-4BF9-43CC-96B6-6BC31D846F88}.Debug|Any CPU.Build.0 = Debug|Any CPU
		{5D0642CB-4BF9-43CC-96B6-6BC31D846F88}.Release|Any CPU.ActiveCfg = Release|Any CPU
		{5D0642CB-4BF9-43CC-96B6-6BC31D846F88}.Release|Any CPU.Build.0 = Release|Any CPU
		{EE09F372-2E76-4AD6-B864-9ACE91ED058B}.Debug|Any CPU.ActiveCfg = Debug|Any CPU
		{EE09F372-2E76-4AD6-B864-9ACE91ED058B}.Debug|Any CPU.Build.0 = Debug|Any CPU
		{EE09F372-2E76-4AD6-B864-9ACE91ED058B}.Release|Any CPU.ActiveCfg = Release|Any CPU
		{EE09F372-2E76-4AD6-B864-9ACE91ED058B}.Release|Any CPU.Build.0 = Release|Any CPU
		{29255590-6309-4C23-BAED-DE3EF6B81388}.Debug|Any CPU.ActiveCfg = Debug|Any CPU
		{29255590-6309-4C23-BAED-DE3EF6B81388}.Debug|Any CPU.Build.0 = Debug|Any CPU
		{29255590-6309-4C23-BAED-DE3EF6B81388}.Release|Any CPU.ActiveCfg = Release|Any CPU
		{29255590-6309-4C23-BAED-DE3EF6B81388}.Release|Any CPU.Build.0 = Release|Any CPU
		{6138130E-611D-4361-A04F-518C3AF93CA9}.Debug|Any CPU.ActiveCfg = Debug|Any CPU
		{6138130E-611D-4361-A04F-518C3AF93CA9}.Debug|Any CPU.Build.0 = Debug|Any CPU
		{6138130E-611D-4361-A04F-518C3AF93CA9}.Release|Any CPU.ActiveCfg = Release|Any CPU
		{6138130E-611D-4361-A04F-518C3AF93CA9}.Release|Any CPU.Build.0 = Release|Any CPU
		{49FA6B35-FFDE-422E-95EE-F94C87B16DCE}.Debug|Any CPU.ActiveCfg = Debug|Any CPU
		{49FA6B35-FFDE-422E-95EE-F94C87B16DCE}.Debug|Any CPU.Build.0 = Debug|Any CPU
		{49FA6B35-FFDE-422E-95EE-F94C87B16DCE}.Release|Any CPU.ActiveCfg = Release|Any CPU
		{49FA6B35-FFDE-422E-95EE-F94C87B16DCE}.Release|Any CPU.Build.0 = Release|Any CPU
		{17B2D941-2B50-43AB-97B0-E3206C3CE3A2}.Debug|Any CPU.ActiveCfg = Debug|Any CPU
		{17B2D941-2B50-43AB-97B0-E3206C3CE3A2}.Debug|Any CPU.Build.0 = Debug|Any CPU
		{17B2D941-2B50-43AB-97B0-E3206C3CE3A2}.Release|Any CPU.ActiveCfg = Release|Any CPU
		{17B2D941-2B50-43AB-97B0-E3206C3CE3A2}.Release|Any CPU.Build.0 = Release|Any CPU
		{936564E1-9383-4D19-81B1-455D2ED6A592}.Debug|Any CPU.ActiveCfg = Debug|Any CPU
		{936564E1-9383-4D19-81B1-455D2ED6A592}.Debug|Any CPU.Build.0 = Debug|Any CPU
		{936564E1-9383-4D19-81B1-455D2ED6A592}.Release|Any CPU.ActiveCfg = Release|Any CPU
		{936564E1-9383-4D19-81B1-455D2ED6A592}.Release|Any CPU.Build.0 = Release|Any CPU
	EndGlobalSection
	GlobalSection(SolutionProperties) = preSolution
		HideSolutionNode = FALSE
	EndGlobalSection
	GlobalSection(NestedProjects) = preSolution
		{772F2003-3E2A-4D82-BCD1-D4F3FAEF4B4F} = {06F7B432-2A46-43DC-B6ED-8C40B772E995}
		{DAA38FFC-572C-4548-86BF-52ED14782186} = {06F7B432-2A46-43DC-B6ED-8C40B772E995}
		{04F59F74-29CC-4E06-AC47-B8873FA22CC8} = {06F7B432-2A46-43DC-B6ED-8C40B772E995}
		{EA808AAD-27BC-4720-9BE9-2F6E7D1981F4} = {06F7B432-2A46-43DC-B6ED-8C40B772E995}
		{7722B9C8-10A4-4C08-890F-884DC8FCC36C} = {772F2003-3E2A-4D82-BCD1-D4F3FAEF4B4F}
		{E03FF1BE-7DDC-4E93-A4CB-16769B6D8120} = {04F59F74-29CC-4E06-AC47-B8873FA22CC8}
		{0E4FA6CC-DB0F-446C-A347-9A0E5E9E0DCE} = {772F2003-3E2A-4D82-BCD1-D4F3FAEF4B4F}
		{7498B832-F0C5-449E-8760-300FF887929D} = {7722B9C8-10A4-4C08-890F-884DC8FCC36C}
		{2FC50038-19F8-48E9-B68F-5D49C0B2E0A0} = {7722B9C8-10A4-4C08-890F-884DC8FCC36C}
		{67A8EB23-A89A-4CD4-86B3-71DB67023929} = {EA808AAD-27BC-4720-9BE9-2F6E7D1981F4}
		{E7C49F44-2DC5-4BB8-B3DE-CF91596E7DF8} = {DAA38FFC-572C-4548-86BF-52ED14782186}
		{EFD8BFEC-BACF-451B-AFFF-8CB6ABFB5364} = {7722B9C8-10A4-4C08-890F-884DC8FCC36C}
		{387B8450-77F0-434D-B90D-113477715553} = {772F2003-3E2A-4D82-BCD1-D4F3FAEF4B4F}
		{61D9CDED-6910-48FD-8A1A-1702F80E5D77} = {7722B9C8-10A4-4C08-890F-884DC8FCC36C}
		{DC432367-FEFD-43B2-841D-2EE3ABDFE90D} = {7722B9C8-10A4-4C08-890F-884DC8FCC36C}
		{5A27F089-CD3E-4B48-99AB-056EA4A80F47} = {772F2003-3E2A-4D82-BCD1-D4F3FAEF4B4F}
		{9787EF92-0F90-4650-B2CB-8EE77E21A0A5} = {5A27F089-CD3E-4B48-99AB-056EA4A80F47}
		{001DAF18-EC23-4DC1-A7A8-EA039E38ABBC} = {5A27F089-CD3E-4B48-99AB-056EA4A80F47}
		{425E6FC0-BDB3-4C48-83C7-E085A4EF8D6E} = {5A27F089-CD3E-4B48-99AB-056EA4A80F47}
		{0F3D51DE-4ECC-4366-83DE-F7C22A851525} = {5A27F089-CD3E-4B48-99AB-056EA4A80F47}
		{801E9694-5B4E-4CF5-8829-8BA0176B95B5} = {5A27F089-CD3E-4B48-99AB-056EA4A80F47}
		{5D0642CB-4BF9-43CC-96B6-6BC31D846F88} = {5A27F089-CD3E-4B48-99AB-056EA4A80F47}
		{EE09F372-2E76-4AD6-B864-9ACE91ED058B} = {5A27F089-CD3E-4B48-99AB-056EA4A80F47}
		{29255590-6309-4C23-BAED-DE3EF6B81388} = {5A27F089-CD3E-4B48-99AB-056EA4A80F47}
		{6138130E-611D-4361-A04F-518C3AF93CA9} = {5A27F089-CD3E-4B48-99AB-056EA4A80F47}
		{49FA6B35-FFDE-422E-95EE-F94C87B16DCE} = {5A27F089-CD3E-4B48-99AB-056EA4A80F47}
		{17B2D941-2B50-43AB-97B0-E3206C3CE3A2} = {5A27F089-CD3E-4B48-99AB-056EA4A80F47}
		{936564E1-9383-4D19-81B1-455D2ED6A592} = {5A27F089-CD3E-4B48-99AB-056EA4A80F47}
	EndGlobalSection
	GlobalSection(ExtensibilityGlobals) = postSolution
		SolutionGuid = {7DD0AB68-A97C-455D-82B6-014536CC5B59}
	EndGlobalSection
EndGlobal
